
Microsoft Visual Studio Solution File, Format Version 11.00
# Visual Studio 2010
Project("{FAE04EC0-301F-11D3-BF4B-00C04F79EFBC}") = "Tests", "Tests.csproj", "{0EDE7ACD-68EA-EC6D-1B26-C8C39F73F94C}"
EndProject
Global
	GlobalSection(SolutionConfigurationPlatforms) = preSolution
		Debug|Any CPU = Debug|Any CPU
		Release|Any CPU = Release|Any CPU
	EndGlobalSection
	GlobalSection(ProjectConfigurationPlatforms) = postSolution
		{0EDE7ACD-68EA-EC6D-1B26-C8C39F73F94C}.Debug|Any CPU.ActiveCfg = Debug|Any CPU
		{0EDE7ACD-68EA-EC6D-1B26-C8C39F73F94C}.Debug|Any CPU.Build.0 = Debug|Any CPU
		{0EDE7ACD-68EA-EC6D-1B26-C8C39F73F94C}.Release|Any CPU.ActiveCfg = Release|Any CPU
		{0EDE7ACD-68EA-EC6D-1B26-C8C39F73F94C}.Release|Any CPU.Build.0 = Release|Any CPU
	EndGlobalSection
	GlobalSection(SolutionProperties) = preSolution
		HideSolutionNode = FALSE
	EndGlobalSection
	GlobalSection(MonoDevelopProperties) = preSolution
		StartupItem = Assembly-CSharp.csproj
	EndGlobalSection
EndGlobal
