
Microsoft Visual Studio Solution File, Format Version 12.00
# Visual Studio 15
Project("{FAE04EC0-301F-11D3-BF4B-00C04F79EFBC}") = "SnowplowTracker", "SnowplowTracker\SnowplowTracker.csproj", "{5C0FF511-8A64-4059-A9A9-611ADAA9D36F}"
EndProject
Global
	GlobalSection(SolutionConfigurationPlatforms) = preSolution
		Debug|Any CPU = Debug|Any CPU
		Release|Any CPU = Release|Any CPU
	EndGlobalSection
	GlobalSection(ProjectConfigurationPlatforms) = postSolution
		{5C0FF511-8A64-4059-A9A9-611ADAA9D36F}.Debug|Any CPU.ActiveCfg = Debug|Any CPU
		{5C0FF511-8A64-4059-A9A9-611ADAA9D36F}.Debug|Any CPU.Build.0 = Debug|Any CPU
		{5C0FF511-8A64-4059-A9A9-611ADAA9D36F}.Release|Any CPU.ActiveCfg = Release|Any CPU
		{5C0FF511-8A64-4059-A9A9-611ADAA9D36F}.Release|Any CPU.Build.0 = Release|Any CPU
	EndGlobalSection
	GlobalSection(MonoDevelopProperties) = preSolution
		description = Add analytics to your Unity Applications and Games with the Snowplow event tracker for Unity 2018.1+.
		version = 0.6.0
	EndGlobalSection
EndGlobal
