
Microsoft Visual Studio Solution File, Format Version 12.00
# Visual Studio 15
Project("{FAE04EC0-301F-11D3-BF4B-00C04F79EFBC}") = "SnowplowTracker", "SnowplowTracker\SnowplowTracker.csproj", "{FDF7C342-D39A-46C5-BFC0-A816620227B5}"
EndProject
Project("{FAE04EC0-301F-11D3-BF4B-00C04F79EFBC}") = "UnityJSON", "UnityJSON\UnityJSON.csproj", "{81FA3211-1938-4812-AAA1-CCD06303BAE8}"
EndProject
Global
	GlobalSection(SolutionConfigurationPlatforms) = preSolution
		Debug|Any CPU = Debug|Any CPU
		Release|Any CPU = Release|Any CPU
	EndGlobalSection
	GlobalSection(ProjectConfigurationPlatforms) = postSolution
		{FDF7C342-D39A-46C5-BFC0-A816620227B5}.Debug|Any CPU.ActiveCfg = Debug|Any CPU
		{FDF7C342-D39A-46C5-BFC0-A816620227B5}.Debug|Any CPU.Build.0 = Debug|Any CPU
		{FDF7C342-D39A-46C5-BFC0-A816620227B5}.Release|Any CPU.ActiveCfg = Release|Any CPU
		{FDF7C342-D39A-46C5-BFC0-A816620227B5}.Release|Any CPU.Build.0 = Release|Any CPU
		{81FA3211-1938-4812-AAA1-CCD06303BAE8}.Debug|Any CPU.ActiveCfg = Debug|Any CPU
		{81FA3211-1938-4812-AAA1-CCD06303BAE8}.Debug|Any CPU.Build.0 = Debug|Any CPU
		{81FA3211-1938-4812-AAA1-CCD06303BAE8}.Release|Any CPU.ActiveCfg = Release|Any CPU
		{81FA3211-1938-4812-AAA1-CCD06303BAE8}.Release|Any CPU.Build.0 = Release|Any CPU
	EndGlobalSection
	GlobalSection(MonoDevelopProperties) = preSolution
		description = Add analytics to your Unity Applications and Games with the Snowplow event tracker for Unity 2018.1+.
		version = 0.4.0
	EndGlobalSection
EndGlobal
